
Microsoft Visual Studio Solution File, Format Version 12.00
# Visual Studio Version 16
VisualStudioVersion = 16.0.31112.23
MinimumVisualStudioVersion = 10.0.40219.1
Project("{FAE04EC0-301F-11D3-BF4B-00C04F79EFBC}") = "DevSkill", "DevSkill\DevSkill.csproj", "{AA67565B-1139-4E76-8AF4-CA166A3C38A7}"
EndProject
Project("{FAE04EC0-301F-11D3-BF4B-00C04F79EFBC}") = "Q1", "Q1\Q1.csproj", "{ED91B1CF-3619-4635-89FF-1B17F3508335}"
EndProject
Project("{FAE04EC0-301F-11D3-BF4B-00C04F79EFBC}") = "Q2", "Q2\Q2.csproj", "{7B388970-A3F6-49B5-B17F-87A87215022F}"
EndProject
Project("{FAE04EC0-301F-11D3-BF4B-00C04F79EFBC}") = "Q3", "Q3\Q3.csproj", "{74BFF88C-D332-4DCB-8419-D8DD3009D707}"
EndProject
Project("{FAE04EC0-301F-11D3-BF4B-00C04F79EFBC}") = "Q4", "Q4\Q4.csproj", "{4C0D0096-6936-4577-A68D-942EEFDB226B}"
EndProject
Project("{FAE04EC0-301F-11D3-BF4B-00C04F79EFBC}") = "Q5", "Q5\Q5.csproj", "{05B66C50-9BAC-46AF-B80D-2694C8EED640}"
EndProject
Project("{FAE04EC0-301F-11D3-BF4B-00C04F79EFBC}") = "Q6", "Q6\Q6.csproj", "{561C8A5E-72B8-4A95-A0DB-ABEE593237FC}"
EndProject
Global
	GlobalSection(SolutionConfigurationPlatforms) = preSolution
		Debug|Any CPU = Debug|Any CPU
		Release|Any CPU = Release|Any CPU
	EndGlobalSection
	GlobalSection(ProjectConfigurationPlatforms) = postSolution
		{AA67565B-1139-4E76-8AF4-CA166A3C38A7}.Debug|Any CPU.ActiveCfg = Debug|Any CPU
		{AA67565B-1139-4E76-8AF4-CA166A3C38A7}.Debug|Any CPU.Build.0 = Debug|Any CPU
		{AA67565B-1139-4E76-8AF4-CA166A3C38A7}.Release|Any CPU.ActiveCfg = Release|Any CPU
		{AA67565B-1139-4E76-8AF4-CA166A3C38A7}.Release|Any CPU.Build.0 = Release|Any CPU
		{ED91B1CF-3619-4635-89FF-1B17F3508335}.Debug|Any CPU.ActiveCfg = Debug|Any CPU
		{ED91B1CF-3619-4635-89FF-1B17F3508335}.Debug|Any CPU.Build.0 = Debug|Any CPU
		{ED91B1CF-3619-4635-89FF-1B17F3508335}.Release|Any CPU.ActiveCfg = Release|Any CPU
		{ED91B1CF-3619-4635-89FF-1B17F3508335}.Release|Any CPU.Build.0 = Release|Any CPU
		{7B388970-A3F6-49B5-B17F-87A87215022F}.Debug|Any CPU.ActiveCfg = Debug|Any CPU
		{7B388970-A3F6-49B5-B17F-87A87215022F}.Debug|Any CPU.Build.0 = Debug|Any CPU
		{7B388970-A3F6-49B5-B17F-87A87215022F}.Release|Any CPU.ActiveCfg = Release|Any CPU
		{7B388970-A3F6-49B5-B17F-87A87215022F}.Release|Any CPU.Build.0 = Release|Any CPU
		{74BFF88C-D332-4DCB-8419-D8DD3009D707}.Debug|Any CPU.ActiveCfg = Debug|Any CPU
		{74BFF88C-D332-4DCB-8419-D8DD3009D707}.Debug|Any CPU.Build.0 = Debug|Any CPU
		{74BFF88C-D332-4DCB-8419-D8DD3009D707}.Release|Any CPU.ActiveCfg = Release|Any CPU
		{74BFF88C-D332-4DCB-8419-D8DD3009D707}.Release|Any CPU.Build.0 = Release|Any CPU
		{4C0D0096-6936-4577-A68D-942EEFDB226B}.Debug|Any CPU.ActiveCfg = Debug|Any CPU
		{4C0D0096-6936-4577-A68D-942EEFDB226B}.Debug|Any CPU.Build.0 = Debug|Any CPU
		{4C0D0096-6936-4577-A68D-942EEFDB226B}.Release|Any CPU.ActiveCfg = Release|Any CPU
		{4C0D0096-6936-4577-A68D-942EEFDB226B}.Release|Any CPU.Build.0 = Release|Any CPU
		{05B66C50-9BAC-46AF-B80D-2694C8EED640}.Debug|Any CPU.ActiveCfg = Debug|Any CPU
		{05B66C50-9BAC-46AF-B80D-2694C8EED640}.Debug|Any CPU.Build.0 = Debug|Any CPU
		{05B66C50-9BAC-46AF-B80D-2694C8EED640}.Release|Any CPU.ActiveCfg = Release|Any CPU
		{05B66C50-9BAC-46AF-B80D-2694C8EED640}.Release|Any CPU.Build.0 = Release|Any CPU
		{561C8A5E-72B8-4A95-A0DB-ABEE593237FC}.Debug|Any CPU.ActiveCfg = Debug|Any CPU
		{561C8A5E-72B8-4A95-A0DB-ABEE593237FC}.Debug|Any CPU.Build.0 = Debug|Any CPU
		{561C8A5E-72B8-4A95-A0DB-ABEE593237FC}.Release|Any CPU.ActiveCfg = Release|Any CPU
		{561C8A5E-72B8-4A95-A0DB-ABEE593237FC}.Release|Any CPU.Build.0 = Release|Any CPU
	EndGlobalSection
	GlobalSection(SolutionProperties) = preSolution
		HideSolutionNode = FALSE
	EndGlobalSection
	GlobalSection(ExtensibilityGlobals) = postSolution
		SolutionGuid = {C62B202D-0C6B-4EF3-9557-79E47B67D655}
	EndGlobalSection
EndGlobal
